{
  "name": "examples",
  "version": "1.0.0",
  "lockfileVersion": 2,
  "requires": true,
  "packages": {
    "": {
      "name": "examples",
      "version": "1.0.0",
      "license": "ISC",
      "dependencies": {
        "sdk-typescript": "file:.."
      }
    },
    "..": {
      "version": "1.0.0",
      "license": "ISC",
      "dependencies": {
        "node-fetch": "^1.0.0"
      },
      "devDependencies": {
        "typescript": "^5.3.3"
      }
    },
    "node_modules/sdk-typescript": {
      "resolved": "..",
      "link": true
    }
  },
  "dependencies": {
    "sdk-typescript": {
      "version": "file:..",
      "requires": {
        "node-fetch": "^1.0.0",
        "typescript": "^5.3.3"
      }
    }
  }
}
